{
  "nodes": {
    "actrun": {
      "inputs": {
        "flake-parts": "flake-parts",
        "moon-registry": "moon-registry",
        "moonbit-overlay": "moonbit-overlay",
        "nixpkgs": [
          "nixpkgs"
        ]
      },
      "locked": {
        "lastModified": 1779798367,
        "narHash": "sha256-eyt51rJGzlPsF+jMn24WbVgGmk4SV0kK/ft4R/B2nZU=",
        "owner": "mizchi",
        "repo": "actrun",
        "rev": "3ea136d34e7ee071986bbaaad54e40aa496b8488",
        "type": "github"
      },
      "original": {
        "owner": "mizchi",
        "repo": "actrun",
        "type": "github"
      }
    },
    "agent-skills": {
      "inputs": {
        "blueprint": "blueprint",
        "home-manager": [
          "home-manager"
        ],
        "nixpkgs": [
          "nixpkgs"
        ]
      },
      "locked": {
        "lastModified": 1786379373,
        "narHash": "sha256-zrvcpGFA8zG6yRLBqQH9bNkJap8xMvLNvkuT4+7w6X8=",
        "owner": "Kyure-A",
        "repo": "agent-skills-nix",
        "rev": "1594ba479be81a7cb6dd19faabefcb1ed5b3f964",
        "type": "github"
      },
      "original": {
        "owner": "Kyure-A",
        "repo": "agent-skills-nix",
        "type": "github"
      }
    },
    "blueprint": {
      "inputs": {
        "nixpkgs": [
          "agent-skills",
          "nixpkgs"
        ],
        "systems": "systems"
      },
      "locked": {
        "lastModified": 1776249299,
        "narHash": "sha256-Dt9t1TGRmJFc0xVYhttNBD6QsAgHOHCArqGa0AyjrJY=",
        "owner": "numtide",
        "repo": "blueprint",
        "rev": "56131e8628f173d24a27f6d27c0215eff57e40dd",
        "type": "github"
      },
      "original": {
        "owner": "numtide",
        "repo": "blueprint",
        "type": "github"
      }
    },
    "brew-src": {
      "flake": false,
      "locked": {
        "lastModified": 1785710351,
        "narHash": "sha256-DTL5T9+HlblsnXCEdxRpEo/2NBHD3t48BS7r+PTf090=",
        "owner": "Homebrew",
        "repo": "brew",
        "rev": "7b0f22a4ab77567edef114c8dfc423fb96e2fbaa",
        "type": "github"
      },
      "original": {
        "owner": "Homebrew",
        "ref": "6.0.15",
        "repo": "brew",
        "type": "github"
      }
    },
    "bun2nix": {
      "inputs": {
        "flake-parts": [
          "llm-agents",
          "flake-parts"
        ],
        "nixpkgs": [
          "llm-agents",
          "nixpkgs"
        ],
        "systems": [
          "llm-agents",
          "systems"
        ],
        "treefmt-nix": [
          "llm-agents",
          "treefmt-nix"
        ]
      },
      "locked": {
        "lastModified": 1784665499,
        "narHash": "sha256-9BMxlTxCCDAeoNLtb1a/st7udtTIJep+wpUzquA29VU=",
        "owner": "nix-community",
        "repo": "bun2nix",
        "rev": "0f2a1f0b6f42cebe3b149bf62d38754c5e0e9729",
        "type": "github"
      },
      "original": {
        "owner": "nix-community",
        "repo": "bun2nix",
        "type": "github"
      }
    },
    "flake-parts": {
      "inputs": {
        "nixpkgs-lib": "nixpkgs-lib"
      },
      "locked": {
        "lastModified": 1772408722,
        "narHash": "sha256-rHuJtdcOjK7rAHpHphUb1iCvgkU3GpfvicLMwwnfMT0=",
        "owner": "hercules-ci",
        "repo": "flake-parts",
        "rev": "f20dc5d9b8027381c474144ecabc9034d6a839a3",
        "type": "github"
      },
      "original": {
        "owner": "hercules-ci",
        "repo": "flake-parts",
        "type": "github"
      }
    },
    "flake-parts_2": {
      "inputs": {
        "nixpkgs-lib": [
          "llm-agents",
          "nixpkgs"
        ]
      },
      "locked": {
        "lastModified": 1785627969,
        "narHash": "sha256-4dtXQk/NMePegK/nWp5NSeuZKLATItOq61lpEvmXqGw=",
        "owner": "hercules-ci",
        "repo": "flake-parts",
        "rev": "427bf4bd9435fdf21321c8cc628c24efc14c0f7a",
        "type": "github"
      },
      "original": {
        "owner": "hercules-ci",
        "repo": "flake-parts",
        "type": "github"
      }
    },
    "flake-parts_3": {
      "inputs": {
        "nixpkgs-lib": "nixpkgs-lib_2"
      },
      "locked": {
        "lastModified": 1767609335,
        "narHash": "sha256-feveD98mQpptwrAEggBQKJTYbvwwglSbOv53uCfH9PY=",
        "owner": "hercules-ci",
        "repo": "flake-parts",
        "rev": "250481aafeb741edfe23d29195671c19b36b6dca",
        "type": "github"
      },
      "original": {
        "owner": "hercules-ci",
        "repo": "flake-parts",
        "type": "github"
      }
    },
    "home-manager": {
      "inputs": {
        "nixpkgs": [
          "nixpkgs"
        ]
      },
      "locked": {
        "lastModified": 1786538400,
        "narHash": "sha256-PH8B1YKxedcWKNw2xsk6cKPVk/rJoLgdlWd5d+Icies=",
        "owner": "nix-community",
        "repo": "home-manager",
        "rev": "e13ba5e5abbd9b912fa8c6979bd119e87ca7fdd9",
        "type": "github"
      },
      "original": {
        "owner": "nix-community",
        "repo": "home-manager",
        "type": "github"
      }
    },
    "llm-agents": {
      "inputs": {
        "bun2nix": "bun2nix",
        "flake-parts": "flake-parts_2",
        "nixpkgs": "nixpkgs_2",
        "systems": "systems_2",
        "treefmt-nix": "treefmt-nix_2"
      },
      "locked": {
        "lastModified": 1786563071,
        "narHash": "sha256-MWO+v//0KzHa65IENqYgpxOWnkfqaa3RzAW1uoDP1sg=",
        "owner": "numtide",
        "repo": "llm-agents.nix",
        "rev": "2510351fe1f5607ff446648f3136c3da3f1c81c3",
        "type": "github"
      },
      "original": {
        "owner": "numtide",
        "repo": "llm-agents.nix",
        "type": "github"
      }
    },
    "mizchi-skills": {
      "flake": false,
      "locked": {
        "lastModified": 1777045904,
        "narHash": "sha256-RybJvW2FYiHR/Aalg33/0C5XKGVJ6Jj9kOCS5z4Nkh8=",
        "owner": "mizchi",
        "repo": "skills",
        "rev": "a2b5a796a5f22fc05fb515cef106993b84cf08cc",
        "type": "github"
      },
      "original": {
        "owner": "mizchi",
        "repo": "skills",
        "rev": "a2b5a796a5f22fc05fb515cef106993b84cf08cc",
        "type": "github"
      }
    },
    "moon-registry": {
      "flake": false,
      "locked": {
        "lastModified": 1775142229,
        "narHash": "sha256-pT51tNVILE2EmTDAbd6bcK95VRaS7XO/z08Ox/L7XdM=",
        "ref": "refs/heads/main",
        "rev": "17529068ee2619294b58f2ce601ebe8db0d9d83f",
        "revCount": 7730,
        "type": "git",
        "url": "https://mooncakes.io/git/index"
      },
      "original": {
        "type": "git",
        "url": "https://mooncakes.io/git/index"
      }
    },
    "moonbit-overlay": {
      "inputs": {
        "nixpkgs": "nixpkgs",
        "treefmt-nix": "treefmt-nix"
      },
      "locked": {
        "lastModified": 1779775885,
        "narHash": "sha256-oxSxoHsGiXGnB5nTw4bUB2cowT0SM/UGOZABi1PWRYI=",
        "owner": "moonbit-community",
        "repo": "moonbit-overlay",
        "rev": "d7386bab18d2b4844292f335afbc9ee67af39538",
        "type": "github"
      },
      "original": {
        "owner": "moonbit-community",
        "repo": "moonbit-overlay",
        "type": "github"
      }
    },
    "nix-casks": {
      "inputs": {
        "flake-parts": "flake-parts_3",
        "nixpkgs": [
          "nixpkgs"
        ],
        "treefmt-nix": "treefmt-nix_3"
      },
      "locked": {
        "lastModified": 1786492860,
        "narHash": "sha256-bDXN/4a60JiPBlofYzyBqk83XauMaLpx/dX8dGuw3Ts=",
        "owner": "atahanyorganci",
        "repo": "nix-casks",
        "rev": "d452d588f74d34173ee888c6fcf70f226ed81fef",
        "type": "github"
      },
      "original": {
        "owner": "atahanyorganci",
        "ref": "archive",
        "repo": "nix-casks",
        "type": "github"
      }
    },
    "nix-darwin": {
      "inputs": {
        "nixpkgs": [
          "nixpkgs"
        ]
      },
      "locked": {
        "lastModified": 1785389976,
        "narHash": "sha256-0tLW8Ff5yt8AH97jw4ZpFJ0OCJ122zIlgWGDmOfU/VU=",
        "owner": "LnL7",
        "repo": "nix-darwin",
        "rev": "15abb8c98f336cd8bd840d71059adebabe60bf04",
        "type": "github"
      },
      "original": {
        "owner": "LnL7",
        "repo": "nix-darwin",
        "type": "github"
      }
    },
    "nix-homebrew": {
      "inputs": {
        "brew-src": "brew-src"
      },
      "locked": {
        "lastModified": 1786536517,
        "narHash": "sha256-WmfNtLqlt4s/qVY9xiTRMTl8/j7vjX33+TekMImLj/A=",
        "owner": "zhaofengli",
        "repo": "nix-homebrew",
        "rev": "883c818ff3fb40ec6c76f9948b65aa72922de171",
        "type": "github"
      },
      "original": {
        "owner": "zhaofengli",
        "repo": "nix-homebrew",
        "type": "github"
      }
    },
    "nixpkgs": {
      "locked": {
        "lastModified": 1775639890,
        "narHash": "sha256-9O9gNidrdzcb7vgKGtff7QiLtr0IsVaCi0pAXm8anhQ=",
        "owner": "NixOS",
        "repo": "nixpkgs",
        "rev": "456e8a9468b9d46bd8c9524425026c00745bc4d2",
        "type": "github"
      },
      "original": {
        "owner": "NixOS",
        "ref": "nixpkgs-unstable",
        "repo": "nixpkgs",
        "type": "github"
      }
    },
    "nixpkgs-lib": {
      "locked": {
        "lastModified": 1772328832,
        "narHash": "sha256-e+/T/pmEkLP6BHhYjx6GmwP5ivonQQn0bJdH9YrRB+Q=",
        "owner": "nix-community",
        "repo": "nixpkgs.lib",
        "rev": "c185c7a5e5dd8f9add5b2f8ebeff00888b070742",
        "type": "github"
      },
      "original": {
        "owner": "nix-community",
        "repo": "nixpkgs.lib",
        "type": "github"
      }
    },
    "nixpkgs-lib_2": {
      "locked": {
        "lastModified": 1765674936,
        "narHash": "sha256-k00uTP4JNfmejrCLJOwdObYC9jHRrr/5M/a/8L2EIdo=",
        "owner": "nix-community",
        "repo": "nixpkgs.lib",
        "rev": "2075416fcb47225d9b68ac469a5c4801a9c4dd85",
        "type": "github"
      },
      "original": {
        "owner": "nix-community",
        "repo": "nixpkgs.lib",
        "type": "github"
      }
    },
    "nixpkgs-starship": {
      "locked": {
        "lastModified": 1781607440,
        "narHash": "sha256-rxO+uc/KFbSJp+pgyXRuAX6QlG9hJdnt0BXpEQRXY+U=",
        "owner": "NixOS",
        "repo": "nixpkgs",
        "rev": "3e41b24abd260e8f71dbe2f5737d24122f972158",
        "type": "github"
      },
      "original": {
        "owner": "NixOS",
        "repo": "nixpkgs",
        "rev": "3e41b24abd260e8f71dbe2f5737d24122f972158",
        "type": "github"
      }
    },
    "nixpkgs_2": {
      "locked": {
        "lastModified": 1786410043,
        "narHash": "sha256-JTbODJPDcd3d8U7lO4MVUU3Yo0jz2KQSAHXka+IWBEo=",
        "owner": "NixOS",
        "repo": "nixpkgs",
        "rev": "8e2eeb9477c9d40009a5bd51cd3eef2f5abb26f1",
        "type": "github"
      },
      "original": {
        "owner": "NixOS",
        "ref": "nixpkgs-unstable",
        "repo": "nixpkgs",
        "type": "github"
      }
    },
    "nixpkgs_3": {
      "locked": {
        "lastModified": 1786410043,
        "narHash": "sha256-JTbODJPDcd3d8U7lO4MVUU3Yo0jz2KQSAHXka+IWBEo=",
        "owner": "NixOS",
        "repo": "nixpkgs",
        "rev": "8e2eeb9477c9d40009a5bd51cd3eef2f5abb26f1",
        "type": "github"
      },
      "original": {
        "owner": "NixOS",
        "ref": "nixpkgs-unstable",
        "repo": "nixpkgs",
        "type": "github"
      }
    },
    "reohakase-skills": {
      "flake": false,
      "locked": {
        "lastModified": 1786482228,
        "narHash": "sha256-fmxzgj5EYXvndxygln2mFjd9MFYut+vlyXbW/yqV2rw=",
        "owner": "ReoHakase",
        "repo": "skills",
        "rev": "0d8a99c7ce7b72e5494b98638a25bab340a1aaba",
        "type": "github"
      },
      "original": {
        "owner": "ReoHakase",
        "repo": "skills",
        "rev": "0d8a99c7ce7b72e5494b98638a25bab340a1aaba",
        "type": "github"
      }
    },
    "root": {
      "inputs": {
        "actrun": "actrun",
        "agent-skills": "agent-skills",
        "home-manager": "home-manager",
        "llm-agents": "llm-agents",
        "mizchi-skills": "mizchi-skills",
        "nix-casks": "nix-casks",
        "nix-darwin": "nix-darwin",
        "nix-homebrew": "nix-homebrew",
        "nixpkgs": "nixpkgs_3",
        "nixpkgs-starship": "nixpkgs-starship",
        "reohakase-skills": "reohakase-skills"
      }
    },
    "systems": {
      "locked": {
        "lastModified": 1681028828,
        "narHash": "sha256-Vy1rq5AaRuLzOxct8nz4T6wlgyUR7zLU309k9mBC768=",
        "owner": "nix-systems",
        "repo": "default",
        "rev": "da67096a3b9bf56a91d16901293e51ba5b49a27e",
        "type": "github"
      },
      "original": {
        "owner": "nix-systems",
        "repo": "default",
        "type": "github"
      }
    },
    "systems_2": {
      "locked": {
        "lastModified": 1681028828,
        "narHash": "sha256-Vy1rq5AaRuLzOxct8nz4T6wlgyUR7zLU309k9mBC768=",
        "owner": "nix-systems",
        "repo": "default",
        "rev": "da67096a3b9bf56a91d16901293e51ba5b49a27e",
        "type": "github"
      },
      "original": {
        "owner": "nix-systems",
        "repo": "default",
        "type": "github"
      }
    },
    "treefmt-nix": {
      "inputs": {
        "nixpkgs": [
          "actrun",
          "moonbit-overlay",
          "nixpkgs"
        ]
      },
      "locked": {
        "lastModified": 1775636079,
        "narHash": "sha256-pc20NRoMdiar8oPQceQT47UUZMBTiMdUuWrYu2obUP0=",
        "owner": "numtide",
        "repo": "treefmt-nix",
        "rev": "790751ff7fd3801feeaf96d7dc416a8d581265ba",
        "type": "github"
      },
      "original": {
        "owner": "numtide",
        "repo": "treefmt-nix",
        "type": "github"
      }
    },
    "treefmt-nix_2": {
      "inputs": {
        "nixpkgs": [
          "llm-agents",
          "nixpkgs"
        ]
      },
      "locked": {
        "lastModified": 1785945821,
        "narHash": "sha256-NLSyTCW4K4ofhNBllt3omPasm6QpralXH1DBZOc91Dw=",
        "owner": "numtide",
        "repo": "treefmt-nix",
        "rev": "ae7910970dddc408fe6ab1c8e4b277bb21d72dc0",
        "type": "github"
      },
      "original": {
        "owner": "numtide",
        "repo": "treefmt-nix",
        "type": "github"
      }
    },
    "treefmt-nix_3": {
      "inputs": {
        "nixpkgs": [
          "nix-casks",
          "nixpkgs"
        ]
      },
      "locked": {
        "lastModified": 1767738726,
        "narHash": "sha256-bHATlMr42JABTJgi4Wc8SJCK8Cv9AnR6HCl3k8eTwEs=",
        "owner": "numtide",
        "repo": "treefmt-nix",
        "rev": "4db0238d79254c6d14f251808dc5264b8fc81b73",
        "type": "github"
      },
      "original": {
        "owner": "numtide",
        "repo": "treefmt-nix",
        "type": "github"
      }
    }
  },
  "root": "root",
  "version": 7
}
