lockfile_version: '1'
generated_at: '2026-05-06T14:10:24.747176+00:00'
apm_version: 0.12.2
dependencies:
- repo_url: ReoHakase/skills
  host: github.com
  resolved_commit: bdc317003cc64835552a5df26ba1ed7159f9964d
  virtual_path: agentskills-authoring
  is_virtual: true
  package_type: claude_skill
  deployed_files:
  - .agents/skills/agentskills-authoring
  - .claude/skills/agentskills-authoring
  content_hash: sha256:482a96a6365bf50c9599bf60e8c35940591bb70d18a57de48d7f9391e4caf299
- repo_url: ReoHakase/skills
  host: github.com
  resolved_commit: bdc317003cc64835552a5df26ba1ed7159f9964d
  virtual_path: conventional-commit
  is_virtual: true
  package_type: claude_skill
  deployed_files:
  - .agents/skills/conventional-commit
  - .claude/skills/conventional-commit
  content_hash: sha256:c7f6300b0b7df4f1b7b5dd22e2b4ee3477b1cc3ae662c9cf3734d48f7641723e
- repo_url: ast-grep/agent-skill
  host: github.com
  resolved_commit: 577f4d4507678f2c8cee150fae25e6ce309f70b1
  resolved_ref: 577f4d4507678f2c8cee150fae25e6ce309f70b1
  package_type: marketplace_plugin
  content_hash: sha256:0c65375f2a6eaac114f6b0098b4a6fab199149717e399cab596a24300cdaa1f8
- repo_url: mizchi/skills
  host: github.com
  resolved_commit: a2b5a796a5f22fc05fb515cef106993b84cf08cc
  resolved_ref: a2b5a796a5f22fc05fb515cef106993b84cf08cc
  virtual_path: apm-usage
  is_virtual: true
  package_type: claude_skill
  deployed_files:
  - .agents/skills/apm-usage
  - .claude/skills/apm-usage
  content_hash: sha256:abb6cc4892713ed3d3976d05b5445566cfe22fa54f8d7db225bc6de3b9331976
- repo_url: mizchi/skills
  host: github.com
  resolved_commit: a2b5a796a5f22fc05fb515cef106993b84cf08cc
  resolved_ref: a2b5a796a5f22fc05fb515cef106993b84cf08cc
  virtual_path: dotenvx
  is_virtual: true
  package_type: claude_skill
  deployed_files:
  - .agents/skills/dotenvx
  - .claude/skills/dotenvx
  content_hash: sha256:a5a38741025be2509e853f70f912e2d20a387a91e12681e2679a2aa5054276b2
- repo_url: mizchi/skills
  host: github.com
  resolved_commit: a2b5a796a5f22fc05fb515cef106993b84cf08cc
  resolved_ref: a2b5a796a5f22fc05fb515cef106993b84cf08cc
  virtual_path: empirical-prompt-tuning
  is_virtual: true
  package_type: claude_skill
  deployed_files:
  - .agents/skills/empirical-prompt-tuning
  - .claude/skills/empirical-prompt-tuning
  content_hash: sha256:18bcf9be6245f765cbb6c51ba4d988991a647139c1513094d6c116c15f7ed058
- repo_url: mizchi/skills
  host: github.com
  resolved_commit: a2b5a796a5f22fc05fb515cef106993b84cf08cc
  resolved_ref: a2b5a796a5f22fc05fb515cef106993b84cf08cc
  virtual_path: justfile
  is_virtual: true
  package_type: marketplace_plugin
  deployed_files:
  - .agents/skills/justfile
  - .claude/skills/justfile
  content_hash: sha256:debf214b0063922a06e3047cff34ee32c83fee126069ee47fa5df804f39110f8
- repo_url: mizchi/skills
  host: github.com
  resolved_commit: a2b5a796a5f22fc05fb515cef106993b84cf08cc
  resolved_ref: a2b5a796a5f22fc05fb515cef106993b84cf08cc
  virtual_path: nix-setup
  is_virtual: true
  package_type: claude_skill
  deployed_files:
  - .agents/skills/nix-setup
  - .claude/skills/nix-setup
  content_hash: sha256:0bf8ac3698bd85f476d82053aa870d083ab75d61d32a59bca6a549e01bb32428
- repo_url: mizchi/skills
  host: github.com
  resolved_commit: a2b5a796a5f22fc05fb515cef106993b84cf08cc
  resolved_ref: a2b5a796a5f22fc05fb515cef106993b84cf08cc
  virtual_path: tech-article-reproducibility
  is_virtual: true
  package_type: claude_skill
  deployed_files:
  - .agents/skills/tech-article-reproducibility
  - .claude/skills/tech-article-reproducibility
  content_hash: sha256:15e3621320f508b591b7f26624b516812ca78ba39899ddcce2d9a53526bf79d5
